
Microsoft Visual Studio Solution File, Format Version 11.00
# Visual Studio 2010
Project("{FAE04EC0-301F-11D3-BF4B-00C04F79EFBC}") = "inicio", "inicio\inicio.csproj", "{AC122481-DF5B-4170-BFBD-4F319F687DCB}"
	ProjectSection(ProjectDependencies) = postProject
		{A826D1B2-1A6E-4544-A6C0-37ED80402B31} = {A826D1B2-1A6E-4544-A6C0-37ED80402B31}
	EndProjectSection
EndProject
Project("{FAE04EC0-301F-11D3-BF4B-00C04F79EFBC}") = "Entidades", "Entidades\Entidades.csproj", "{CB036253-6E9F-4E8B-80B3-515CF34D1138}"
EndProject
Project("{FAE04EC0-301F-11D3-BF4B-00C04F79EFBC}") = "Negocios", "Negocios\Negocios.csproj", "{A0194497-D941-463E-854E-2E48A926057E}"
EndProject
Project("{FAE04EC0-301F-11D3-BF4B-00C04F79EFBC}") = "Datos", "Datos\Datos.csproj", "{A826D1B2-1A6E-4544-A6C0-37ED80402B31}"
EndProject
Global
	GlobalSection(SolutionConfigurationPlatforms) = preSolution
		Debug|Any CPU = Debug|Any CPU
		Release|Any CPU = Release|Any CPU
	EndGlobalSection
	GlobalSection(ProjectConfigurationPlatforms) = postSolution
		{AC122481-DF5B-4170-BFBD-4F319F687DCB}.Debug|Any CPU.ActiveCfg = Debug|Any CPU
		{AC122481-DF5B-4170-BFBD-4F319F687DCB}.Debug|Any CPU.Build.0 = Debug|Any CPU
		{AC122481-DF5B-4170-BFBD-4F319F687DCB}.Release|Any CPU.ActiveCfg = Release|Any CPU
		{AC122481-DF5B-4170-BFBD-4F319F687DCB}.Release|Any CPU.Build.0 = Release|Any CPU
		{CB036253-6E9F-4E8B-80B3-515CF34D1138}.Debug|Any CPU.ActiveCfg = Debug|Any CPU
		{CB036253-6E9F-4E8B-80B3-515CF34D1138}.Debug|Any CPU.Build.0 = Debug|Any CPU
		{CB036253-6E9F-4E8B-80B3-515CF34D1138}.Release|Any CPU.ActiveCfg = Release|Any CPU
		{CB036253-6E9F-4E8B-80B3-515CF34D1138}.Release|Any CPU.Build.0 = Release|Any CPU
		{A0194497-D941-463E-854E-2E48A926057E}.Debug|Any CPU.ActiveCfg = Debug|Any CPU
		{A0194497-D941-463E-854E-2E48A926057E}.Debug|Any CPU.Build.0 = Debug|Any CPU
		{A0194497-D941-463E-854E-2E48A926057E}.Release|Any CPU.ActiveCfg = Release|Any CPU
		{A0194497-D941-463E-854E-2E48A926057E}.Release|Any CPU.Build.0 = Release|Any CPU
		{A826D1B2-1A6E-4544-A6C0-37ED80402B31}.Debug|Any CPU.ActiveCfg = Debug|Any CPU
		{A826D1B2-1A6E-4544-A6C0-37ED80402B31}.Debug|Any CPU.Build.0 = Debug|Any CPU
		{A826D1B2-1A6E-4544-A6C0-37ED80402B31}.Release|Any CPU.ActiveCfg = Release|Any CPU
		{A826D1B2-1A6E-4544-A6C0-37ED80402B31}.Release|Any CPU.Build.0 = Release|Any CPU
	EndGlobalSection
	GlobalSection(SolutionProperties) = preSolution
		HideSolutionNode = FALSE
	EndGlobalSection
EndGlobal
